
Microsoft Visual Studio Solution File, Format Version 12.00
# Visual Studio Version 16
VisualStudioVersion = 16.0.31005.135
MinimumVisualStudioVersion = 10.0.40219.1
Project("{9A19103F-16F7-4668-BE54-9A1E7A4F7556}") = "Facteur.Examples.Gmail", "gmail\Facteur.Examples.Gmail.csproj", "{A6DB3204-2989-4A71-9A53-A154085EE1FA}"
EndProject
Global
	GlobalSection(SolutionConfigurationPlatforms) = preSolution
		Debug|Any CPU = Debug|Any CPU
		Release|Any CPU = Release|Any CPU
	EndGlobalSection
	GlobalSection(ProjectConfigurationPlatforms) = postSolution
		{A6DB3204-2989-4A71-9A53-A154085EE1FA}.Debug|Any CPU.ActiveCfg = Debug|Any CPU
		{A6DB3204-2989-4A71-9A53-A154085EE1FA}.Debug|Any CPU.Build.0 = Debug|Any CPU
		{A6DB3204-2989-4A71-9A53-A154085EE1FA}.Release|Any CPU.ActiveCfg = Release|Any CPU
		{A6DB3204-2989-4A71-9A53-A154085EE1FA}.Release|Any CPU.Build.0 = Release|Any CPU
	EndGlobalSection
	GlobalSection(SolutionProperties) = preSolution
		HideSolutionNode = FALSE
	EndGlobalSection
	GlobalSection(ExtensibilityGlobals) = postSolution
		SolutionGuid = {BC556BE3-E2CE-4759-8D40-D9CFCFBCC9FE}
	EndGlobalSection
EndGlobal
