
Microsoft Visual Studio Solution File, Format Version 12.00
# Visual Studio Version 16
VisualStudioVersion = 16.0.30523.141
MinimumVisualStudioVersion = 10.0.40219.1
Project("{9A19103F-16F7-4668-BE54-9A1E7A4F7556}") = "Facteur", "Facteur\Facteur.csproj", "{F18C39F6-E4A6-4290-B08E-481B04A6855E}"
EndProject
Project("{9A19103F-16F7-4668-BE54-9A1E7A4F7556}") = "Facteur.Smtp.Tests", "Facteur.Smtp.Tests\Facteur.Smtp.Tests.csproj", "{9C292CC0-DC5D-4C25-8709-DC0C69DF0D6C}"
EndProject
Project("{9A19103F-16F7-4668-BE54-9A1E7A4F7556}") = "Facteur.MsGraph", "Facteur.MsGraph\Facteur.MsGraph.csproj", "{0B430C25-BEA9-451A-90AF-A8C5D7E48CB2}"
EndProject
Project("{9A19103F-16F7-4668-BE54-9A1E7A4F7556}") = "Facteur.SendGrid", "Facteur.SendGrid\Facteur.SendGrid.csproj", "{5B8107AE-3B80-43D1-BD1D-4EA5859581CC}"
EndProject
Project("{9A19103F-16F7-4668-BE54-9A1E7A4F7556}") = "Facteur.Smtp", "Facteur.Smtp\Facteur.Smtp.csproj", "{F7C03DD0-A74A-4263-98E5-CDC8DA7E7180}"
EndProject
Project("{9A19103F-16F7-4668-BE54-9A1E7A4F7556}") = "Facteur.TemplateProviders.IO", "Facteur.TemplateProviders.IO\Facteur.TemplateProviders.IO.csproj", "{E00BB770-6462-4166-960A-287BD97358B4}"
EndProject
Project("{2150E333-8FDC-42A3-9474-1A3956D46DE8}") = "Tests", "Tests", "{2122E2F7-F19A-4728-B04F-57E68490E32A}"
EndProject
Project("{2150E333-8FDC-42A3-9474-1A3956D46DE8}") = "Endpoints", "Endpoints", "{B56567D6-1182-4534-BB22-24870E6526D4}"
EndProject
Project("{2150E333-8FDC-42A3-9474-1A3956D46DE8}") = "Compilers", "Compilers", "{92C54A3D-6071-4080-8E37-E3639AE94D02}"
EndProject
Project("{9A19103F-16F7-4668-BE54-9A1E7A4F7556}") = "Facteur.Compilers.Razor", "Facteur.Compilers.Razor\Facteur.Compilers.Razor.csproj", "{B5F3FA15-B81F-453D-8698-6784CD02C98A}"
EndProject
Project("{9A19103F-16F7-4668-BE54-9A1E7A4F7556}") = "Facteur.SendGrid.Tests", "Facteur.SendGrid.Tests\Facteur.SendGrid.Tests.csproj", "{76C385E5-8CC4-4F9A-8FAD-EBFF13730B3D}"
EndProject
Project("{9A19103F-16F7-4668-BE54-9A1E7A4F7556}") = "Facteur.MsGraph.Tests", "Facteur.MsGraph.Tests\Facteur.MsGraph.Tests.csproj", "{CBDCE3A3-D81E-4C38-B44B-A163B40D7DDF}"
EndProject
Project("{9A19103F-16F7-4668-BE54-9A1E7A4F7556}") = "Facteur.Extensions.DependencyInjection", "Facteur.Extensions.DependencyInjection\Facteur.Extensions.DependencyInjection.csproj", "{A2C238B2-F4E5-4B88-AF7C-D99F4B40F060}"
EndProject
Project("{2150E333-8FDC-42A3-9474-1A3956D46DE8}") = "Providers", "Providers", "{4AF38A30-DBF1-4558-9289-06ADA53EA93E}"
EndProject
Project("{2150E333-8FDC-42A3-9474-1A3956D46DE8}") = "Resolvers", "Resolvers", "{76879E78-274E-4186-8E1D-CF2D489F9A3E}"
EndProject
Project("{9A19103F-16F7-4668-BE54-9A1E7A4F7556}") = "Facteur.Resolvers.ViewModel", "Facteur.Resolvers.ViewModel\Facteur.Resolvers.ViewModel.csproj", "{E7EF00D8-E7B0-4B45-89E8-85EFB3E4168A}"
EndProject
Project("{9A19103F-16F7-4668-BE54-9A1E7A4F7556}") = "Facteur.Resolvers.ViewModel.Tests", "Facteur.Resolvers.ViewModel.Test\Facteur.Resolvers.ViewModel.Tests.csproj", "{D9C9CF15-2EF3-4967-856D-499DAFDFDB27}"
EndProject
Project("{9A19103F-16F7-4668-BE54-9A1E7A4F7556}") = "Facteur.TemplateProviders.IO.Tests", "Facteur.TemplateProviders.IO.Tests\Facteur.TemplateProviders.IO.Tests.csproj", "{5D95879F-E936-4B20-81FF-06DBB5CC8FE6}"
EndProject
Project("{9A19103F-16F7-4668-BE54-9A1E7A4F7556}") = "Facteur.Compilers.Scriban", "Facteur.Compilers.Scriban\Facteur.Compilers.Scriban.csproj", "{3AEBAEE7-D6B7-4D97-A7F5-E00CE9625916}"
EndProject
Project("{9A19103F-16F7-4668-BE54-9A1E7A4F7556}") = "Facteur.Compilers.Scriban.Tests", "Facteur.Compilers.Scriban.Tests\Facteur.Compilers.Scriban.Tests.csproj", "{9E34966A-68AA-4CC5-B416-42A69DA0E118}"
EndProject
Project("{2150E333-8FDC-42A3-9474-1A3956D46DE8}") = "Solution Items", "Solution Items", "{6478E55B-5903-487A-9AFC-CB86C117CA94}"
	ProjectSection(SolutionItems) = preProject
		test.runsettings = test.runsettings
	EndProjectSection
EndProject
Project("{9A19103F-16F7-4668-BE54-9A1E7A4F7556}") = "Facteur.Compilers.Razor.Tests", "Facteur.Compilers.Razor.Tests\Facteur.Compilers.Razor.Tests.csproj", "{1452B058-0848-49EF-9149-1F2996A43C70}"
EndProject
Project("{FAE04EC0-301F-11D3-BF4B-00C04F79EFBC}") = "Facteur.Tests", "Facteur.Tests\Facteur.Tests.csproj", "{EA53106B-D8AF-4141-8036-D9DEC1BA20F8}"
EndProject
Global
	GlobalSection(SolutionConfigurationPlatforms) = preSolution
		Debug|Any CPU = Debug|Any CPU
		Release|Any CPU = Release|Any CPU
	EndGlobalSection
	GlobalSection(ProjectConfigurationPlatforms) = postSolution
		{F18C39F6-E4A6-4290-B08E-481B04A6855E}.Debug|Any CPU.ActiveCfg = Debug|Any CPU
		{F18C39F6-E4A6-4290-B08E-481B04A6855E}.Debug|Any CPU.Build.0 = Debug|Any CPU
		{F18C39F6-E4A6-4290-B08E-481B04A6855E}.Release|Any CPU.ActiveCfg = Release|Any CPU
		{F18C39F6-E4A6-4290-B08E-481B04A6855E}.Release|Any CPU.Build.0 = Release|Any CPU
		{9C292CC0-DC5D-4C25-8709-DC0C69DF0D6C}.Debug|Any CPU.ActiveCfg = Debug|Any CPU
		{9C292CC0-DC5D-4C25-8709-DC0C69DF0D6C}.Debug|Any CPU.Build.0 = Debug|Any CPU
		{9C292CC0-DC5D-4C25-8709-DC0C69DF0D6C}.Release|Any CPU.ActiveCfg = Release|Any CPU
		{9C292CC0-DC5D-4C25-8709-DC0C69DF0D6C}.Release|Any CPU.Build.0 = Release|Any CPU
		{0B430C25-BEA9-451A-90AF-A8C5D7E48CB2}.Debug|Any CPU.ActiveCfg = Debug|Any CPU
		{0B430C25-BEA9-451A-90AF-A8C5D7E48CB2}.Debug|Any CPU.Build.0 = Debug|Any CPU
		{0B430C25-BEA9-451A-90AF-A8C5D7E48CB2}.Release|Any CPU.ActiveCfg = Release|Any CPU
		{0B430C25-BEA9-451A-90AF-A8C5D7E48CB2}.Release|Any CPU.Build.0 = Release|Any CPU
		{5B8107AE-3B80-43D1-BD1D-4EA5859581CC}.Debug|Any CPU.ActiveCfg = Debug|Any CPU
		{5B8107AE-3B80-43D1-BD1D-4EA5859581CC}.Debug|Any CPU.Build.0 = Debug|Any CPU
		{5B8107AE-3B80-43D1-BD1D-4EA5859581CC}.Release|Any CPU.ActiveCfg = Release|Any CPU
		{5B8107AE-3B80-43D1-BD1D-4EA5859581CC}.Release|Any CPU.Build.0 = Release|Any CPU
		{F7C03DD0-A74A-4263-98E5-CDC8DA7E7180}.Debug|Any CPU.ActiveCfg = Debug|Any CPU
		{F7C03DD0-A74A-4263-98E5-CDC8DA7E7180}.Debug|Any CPU.Build.0 = Debug|Any CPU
		{F7C03DD0-A74A-4263-98E5-CDC8DA7E7180}.Release|Any CPU.ActiveCfg = Release|Any CPU
		{F7C03DD0-A74A-4263-98E5-CDC8DA7E7180}.Release|Any CPU.Build.0 = Release|Any CPU
		{E00BB770-6462-4166-960A-287BD97358B4}.Debug|Any CPU.ActiveCfg = Debug|Any CPU
		{E00BB770-6462-4166-960A-287BD97358B4}.Debug|Any CPU.Build.0 = Debug|Any CPU
		{E00BB770-6462-4166-960A-287BD97358B4}.Release|Any CPU.ActiveCfg = Release|Any CPU
		{E00BB770-6462-4166-960A-287BD97358B4}.Release|Any CPU.Build.0 = Release|Any CPU
		{B5F3FA15-B81F-453D-8698-6784CD02C98A}.Debug|Any CPU.ActiveCfg = Debug|Any CPU
		{B5F3FA15-B81F-453D-8698-6784CD02C98A}.Debug|Any CPU.Build.0 = Debug|Any CPU
		{B5F3FA15-B81F-453D-8698-6784CD02C98A}.Release|Any CPU.ActiveCfg = Release|Any CPU
		{B5F3FA15-B81F-453D-8698-6784CD02C98A}.Release|Any CPU.Build.0 = Release|Any CPU
		{76C385E5-8CC4-4F9A-8FAD-EBFF13730B3D}.Debug|Any CPU.ActiveCfg = Debug|Any CPU
		{76C385E5-8CC4-4F9A-8FAD-EBFF13730B3D}.Debug|Any CPU.Build.0 = Debug|Any CPU
		{76C385E5-8CC4-4F9A-8FAD-EBFF13730B3D}.Release|Any CPU.ActiveCfg = Release|Any CPU
		{76C385E5-8CC4-4F9A-8FAD-EBFF13730B3D}.Release|Any CPU.Build.0 = Release|Any CPU
		{CBDCE3A3-D81E-4C38-B44B-A163B40D7DDF}.Debug|Any CPU.ActiveCfg = Debug|Any CPU
		{CBDCE3A3-D81E-4C38-B44B-A163B40D7DDF}.Debug|Any CPU.Build.0 = Debug|Any CPU
		{CBDCE3A3-D81E-4C38-B44B-A163B40D7DDF}.Release|Any CPU.ActiveCfg = Release|Any CPU
		{CBDCE3A3-D81E-4C38-B44B-A163B40D7DDF}.Release|Any CPU.Build.0 = Release|Any CPU
		{A2C238B2-F4E5-4B88-AF7C-D99F4B40F060}.Debug|Any CPU.ActiveCfg = Debug|Any CPU
		{A2C238B2-F4E5-4B88-AF7C-D99F4B40F060}.Debug|Any CPU.Build.0 = Debug|Any CPU
		{A2C238B2-F4E5-4B88-AF7C-D99F4B40F060}.Release|Any CPU.ActiveCfg = Release|Any CPU
		{A2C238B2-F4E5-4B88-AF7C-D99F4B40F060}.Release|Any CPU.Build.0 = Release|Any CPU
		{E7EF00D8-E7B0-4B45-89E8-85EFB3E4168A}.Debug|Any CPU.ActiveCfg = Debug|Any CPU
		{E7EF00D8-E7B0-4B45-89E8-85EFB3E4168A}.Debug|Any CPU.Build.0 = Debug|Any CPU
		{E7EF00D8-E7B0-4B45-89E8-85EFB3E4168A}.Release|Any CPU.ActiveCfg = Release|Any CPU
		{E7EF00D8-E7B0-4B45-89E8-85EFB3E4168A}.Release|Any CPU.Build.0 = Release|Any CPU
		{D9C9CF15-2EF3-4967-856D-499DAFDFDB27}.Debug|Any CPU.ActiveCfg = Debug|Any CPU
		{D9C9CF15-2EF3-4967-856D-499DAFDFDB27}.Debug|Any CPU.Build.0 = Debug|Any CPU
		{D9C9CF15-2EF3-4967-856D-499DAFDFDB27}.Release|Any CPU.ActiveCfg = Release|Any CPU
		{D9C9CF15-2EF3-4967-856D-499DAFDFDB27}.Release|Any CPU.Build.0 = Release|Any CPU
		{5D95879F-E936-4B20-81FF-06DBB5CC8FE6}.Debug|Any CPU.ActiveCfg = Debug|Any CPU
		{5D95879F-E936-4B20-81FF-06DBB5CC8FE6}.Debug|Any CPU.Build.0 = Debug|Any CPU
		{5D95879F-E936-4B20-81FF-06DBB5CC8FE6}.Release|Any CPU.ActiveCfg = Release|Any CPU
		{5D95879F-E936-4B20-81FF-06DBB5CC8FE6}.Release|Any CPU.Build.0 = Release|Any CPU
		{3AEBAEE7-D6B7-4D97-A7F5-E00CE9625916}.Debug|Any CPU.ActiveCfg = Debug|Any CPU
		{3AEBAEE7-D6B7-4D97-A7F5-E00CE9625916}.Debug|Any CPU.Build.0 = Debug|Any CPU
		{3AEBAEE7-D6B7-4D97-A7F5-E00CE9625916}.Release|Any CPU.ActiveCfg = Release|Any CPU
		{3AEBAEE7-D6B7-4D97-A7F5-E00CE9625916}.Release|Any CPU.Build.0 = Release|Any CPU
		{9E34966A-68AA-4CC5-B416-42A69DA0E118}.Debug|Any CPU.ActiveCfg = Debug|Any CPU
		{9E34966A-68AA-4CC5-B416-42A69DA0E118}.Debug|Any CPU.Build.0 = Debug|Any CPU
		{9E34966A-68AA-4CC5-B416-42A69DA0E118}.Release|Any CPU.ActiveCfg = Release|Any CPU
		{9E34966A-68AA-4CC5-B416-42A69DA0E118}.Release|Any CPU.Build.0 = Release|Any CPU
		{1452B058-0848-49EF-9149-1F2996A43C70}.Debug|Any CPU.ActiveCfg = Debug|Any CPU
		{1452B058-0848-49EF-9149-1F2996A43C70}.Debug|Any CPU.Build.0 = Debug|Any CPU
		{1452B058-0848-49EF-9149-1F2996A43C70}.Release|Any CPU.ActiveCfg = Release|Any CPU
		{1452B058-0848-49EF-9149-1F2996A43C70}.Release|Any CPU.Build.0 = Release|Any CPU
		{EA53106B-D8AF-4141-8036-D9DEC1BA20F8}.Debug|Any CPU.ActiveCfg = Debug|Any CPU
		{EA53106B-D8AF-4141-8036-D9DEC1BA20F8}.Debug|Any CPU.Build.0 = Debug|Any CPU
		{EA53106B-D8AF-4141-8036-D9DEC1BA20F8}.Release|Any CPU.ActiveCfg = Release|Any CPU
		{EA53106B-D8AF-4141-8036-D9DEC1BA20F8}.Release|Any CPU.Build.0 = Release|Any CPU
	EndGlobalSection
	GlobalSection(SolutionProperties) = preSolution
		HideSolutionNode = FALSE
	EndGlobalSection
	GlobalSection(NestedProjects) = preSolution
		{9C292CC0-DC5D-4C25-8709-DC0C69DF0D6C} = {2122E2F7-F19A-4728-B04F-57E68490E32A}
		{0B430C25-BEA9-451A-90AF-A8C5D7E48CB2} = {B56567D6-1182-4534-BB22-24870E6526D4}
		{5B8107AE-3B80-43D1-BD1D-4EA5859581CC} = {B56567D6-1182-4534-BB22-24870E6526D4}
		{F7C03DD0-A74A-4263-98E5-CDC8DA7E7180} = {B56567D6-1182-4534-BB22-24870E6526D4}
		{E00BB770-6462-4166-960A-287BD97358B4} = {4AF38A30-DBF1-4558-9289-06ADA53EA93E}
		{B5F3FA15-B81F-453D-8698-6784CD02C98A} = {92C54A3D-6071-4080-8E37-E3639AE94D02}
		{76C385E5-8CC4-4F9A-8FAD-EBFF13730B3D} = {2122E2F7-F19A-4728-B04F-57E68490E32A}
		{CBDCE3A3-D81E-4C38-B44B-A163B40D7DDF} = {2122E2F7-F19A-4728-B04F-57E68490E32A}
		{E7EF00D8-E7B0-4B45-89E8-85EFB3E4168A} = {76879E78-274E-4186-8E1D-CF2D489F9A3E}
		{D9C9CF15-2EF3-4967-856D-499DAFDFDB27} = {2122E2F7-F19A-4728-B04F-57E68490E32A}
		{5D95879F-E936-4B20-81FF-06DBB5CC8FE6} = {2122E2F7-F19A-4728-B04F-57E68490E32A}
		{3AEBAEE7-D6B7-4D97-A7F5-E00CE9625916} = {92C54A3D-6071-4080-8E37-E3639AE94D02}
		{9E34966A-68AA-4CC5-B416-42A69DA0E118} = {2122E2F7-F19A-4728-B04F-57E68490E32A}
		{1452B058-0848-49EF-9149-1F2996A43C70} = {2122E2F7-F19A-4728-B04F-57E68490E32A}
		{EA53106B-D8AF-4141-8036-D9DEC1BA20F8} = {2122E2F7-F19A-4728-B04F-57E68490E32A}
	EndGlobalSection
	GlobalSection(ExtensibilityGlobals) = postSolution
		SolutionGuid = {FCF5E92E-021C-423A-B60E-800E20DC32B4}
	EndGlobalSection
EndGlobal
